// !$*UTF8*$!
{
	archiveVersion = 1;
	classes = {
	};
	objectVersion = 60;
	objects = {

/* Begin PBXBuildFile section */
		A1B2C3D40000000000000012 /* Retention.swift in Sources */ = {isa = PBXBuildFile; fileRef = A1B2C3D4E5F60718293A4B61 /* Retention.swift */; };
		A1B2C3D40000000000000014 /* RetentionTests.swift in Sources */ = {isa = PBXBuildFile; fileRef = A1B2C3D40000000000000002 /* RetentionTests.swift */; };
		A1B2C3D40000000000000022 /* RecordScreen.swift in Sources */ = {isa = PBXBuildFile; fileRef = A1B2C3D40000000000000021 /* RecordScreen.swift */; };
		A1B2C3D4E5F60718293A4B67 /* MemoDelivery.swift in Sources */ = {isa = PBXBuildFile; fileRef = A1B2C3D4E5F60718293A4B65 /* MemoDelivery.swift */; };
		A1B2C3D4E5F60718293A4B68 /* MemoDelivery.swift in Sources */ = {isa = PBXBuildFile; fileRef = A1B2C3D4E5F60718293A4B65 /* MemoDelivery.swift */; };
		A1B2C3D4E5F60718293A4B69 /* MemoDelivery.swift in Sources */ = {isa = PBXBuildFile; fileRef = A1B2C3D4E5F60718293A4B65 /* MemoDelivery.swift */; };
		A1B2C3D4E5F60718293A4B6A /* MemoDeliveryTests.swift in Sources */ = {isa = PBXBuildFile; fileRef = A1B2C3D4E5F60718293A4B66 /* MemoDeliveryTests.swift */; };
		A1B2C3D4E5F60718293A4B6B /* AudioCompressor.swift in Sources */ = {isa = PBXBuildFile; fileRef = 7567CDB7BBFB1C0F2E916475 /* AudioCompressor.swift */; };
		00A403245E70C13BE6B24EB8 /* Formatting.swift in Sources */ = {isa = PBXBuildFile; fileRef = F11AEF845835EE62EA196738 /* Formatting.swift */; };
		042C0798FFC0EEB4780ECCB3 /* RecordingLaunchRequest.swift in Sources */ = {isa = PBXBuildFile; fileRef = ED80ABA31146DD29FA932AD8 /* RecordingLaunchRequest.swift */; };
		051844B06F859FBFE85BC34D /* MemoStore.swift in Sources */ = {isa = PBXBuildFile; fileRef = 9B7E5BAF41C022ED29C69870 /* MemoStore.swift */; };
		0519FDA3B6CA5A15F48CF39F /* AudioCompressor.swift in Sources */ = {isa = PBXBuildFile; fileRef = 7567CDB7BBFB1C0F2E916475 /* AudioCompressor.swift */; };
		08F4DB2347CB4D295A0C04A8 /* StartRecordingIntent.swift in Sources */ = {isa = PBXBuildFile; fileRef = 689CF9FA680CBDFB7F9D75AC /* StartRecordingIntent.swift */; };
		0A21CF637F7528669B436C47 /* Haptics.swift in Sources */ = {isa = PBXBuildFile; fileRef = C09AB83111313DD5AD3F8B26 /* Haptics.swift */; };
		A1B2C3D4E5F60718293A4B62 /* Retention.swift in Sources */ = {isa = PBXBuildFile; fileRef = A1B2C3D4E5F60718293A4B61 /* Retention.swift */; };
		A1B2C3D4E5F60718293A4B63 /* Retention.swift in Sources */ = {isa = PBXBuildFile; fileRef = A1B2C3D4E5F60718293A4B61 /* Retention.swift */; };
		A1B2C3D4E5F60718293A4B5E /* SilenceMonitor.swift in Sources */ = {isa = PBXBuildFile; fileRef = A1B2C3D4E5F60718293A4B5C /* SilenceMonitor.swift */; };
		A1B2C3D4E5F60718293A4B5F /* SilenceMonitor.swift in Sources */ = {isa = PBXBuildFile; fileRef = A1B2C3D4E5F60718293A4B5C /* SilenceMonitor.swift */; };
		A1B2C3D4E5F60718293A4B60 /* SilenceMonitorTests.swift in Sources */ = {isa = PBXBuildFile; fileRef = A1B2C3D4E5F60718293A4B5D /* SilenceMonitorTests.swift */; };
		15FF8C1989D0AE5EBAC8362B /* CaptureFormat.swift in Sources */ = {isa = PBXBuildFile; fileRef = E7284322A2995B33A933815B /* CaptureFormat.swift */; };
		1B6BFBE1179736B42CC023D0 /* Formatting.swift in Sources */ = {isa = PBXBuildFile; fileRef = F11AEF845835EE62EA196738 /* Formatting.swift */; };
		1FB3CBFFE3BF695E6ED7D77A /* BackgroundWarmth.swift in Sources */ = {isa = PBXBuildFile; fileRef = B83077545BDC6589B95E6BB6 /* BackgroundWarmth.swift */; };
		22EE4CCBB83A57337C524A5B /* Latency.swift in Sources */ = {isa = PBXBuildFile; fileRef = 98476918AFD99F213671DBBA /* Latency.swift */; };
		2465E3BD347FAD446690AFFD /* AccessibilityID.swift in Sources */ = {isa = PBXBuildFile; fileRef = BC8FD2BAB5E79615B2504C37 /* AccessibilityID.swift */; };
		24A071429847B00EB1C15C24 /* Foundation.framework in Frameworks */ = {isa = PBXBuildFile; fileRef = 66CFE3375C0A0B14BB5DED5B /* Foundation.framework */; };
		291A51465A46FF2BFCB82E33 /* Memo.swift in Sources */ = {isa = PBXBuildFile; fileRef = A6D4D2B86FC1E24980761A25 /* Memo.swift */; };
		29FF3A84B7A049CF767A7484 /* MemoStore.swift in Sources */ = {isa = PBXBuildFile; fileRef = 9B7E5BAF41C022ED29C69870 /* MemoStore.swift */; };
		2BC5045172270780DF649C33 /* AccessibilityID.swift in Sources */ = {isa = PBXBuildFile; fileRef = BC8FD2BAB5E79615B2504C37 /* AccessibilityID.swift */; };
		2C83BDB9CF2873A3E4C255D0 /* CaptureFormat.swift in Sources */ = {isa = PBXBuildFile; fileRef = E7284322A2995B33A933815B /* CaptureFormat.swift */; };
		2E8E95D0F1B313CEDEC8A8C3 /* AudioDuration.swift in Sources */ = {isa = PBXBuildFile; fileRef = C264870A06619121DFC7D192 /* AudioDuration.swift */; };
		36161C361AA213B25BC1BA9D /* Memo.swift in Sources */ = {isa = PBXBuildFile; fileRef = A6D4D2B86FC1E24980761A25 /* Memo.swift */; };
		36B79DDC5B955E2945A45856 /* SharedConfig.swift in Sources */ = {isa = PBXBuildFile; fileRef = 3A0075E4CFD286E9FE8E7D55 /* SharedConfig.swift */; };
		3D2079B042B68CAAF76E7776 /* PhoneLibrary.swift in Sources */ = {isa = PBXBuildFile; fileRef = 6FE33FF418EC40F4790A1578 /* PhoneLibrary.swift */; };
		4D4237B97C00B6636F2184C8 /* RecordingLaunchRequest.swift in Sources */ = {isa = PBXBuildFile; fileRef = ED80ABA31146DD29FA932AD8 /* RecordingLaunchRequest.swift */; };
		508E7FDF4FA31611C54CBB58 /* Formatting.swift in Sources */ = {isa = PBXBuildFile; fileRef = F11AEF845835EE62EA196738 /* Formatting.swift */; };
		51E14069787F965942359172 /* WristMemoControls.appex in Embed Foundation Extensions */ = {isa = PBXBuildFile; fileRef = 6249C2783F0DC1188AF10FD6 /* WristMemoControls.appex */; settings = {ATTRIBUTES = (RemoveHeadersOnCopy, ); }; };
		556406146F9926C1B4496A04 /* WristMemoWatchApp.swift in Sources */ = {isa = PBXBuildFile; fileRef = 5CE93DA78512CAEA42DBEE5B /* WristMemoWatchApp.swift */; };
		59D2E924883C3F75135DAFBA /* Assets.xcassets in Resources */ = {isa = PBXBuildFile; fileRef = 087FC6EE93EAFFBD66585871 /* Assets.xcassets */; };
		60649AE238BFC7F2C4EB9E7C /* WatchSyncClient.swift in Sources */ = {isa = PBXBuildFile; fileRef = 796A3395BAC882FAE5DD6938 /* WatchSyncClient.swift */; };
		60C115C11C175C1B155B8C61 /* AudioDuration.swift in Sources */ = {isa = PBXBuildFile; fileRef = C264870A06619121DFC7D192 /* AudioDuration.swift */; };
		6AE6462E492BF876F118B903 /* RecordComplication.swift in Sources */ = {isa = PBXBuildFile; fileRef = 6611803E2A2D98328D042CA9 /* RecordComplication.swift */; };
		6C2B0A927FEFE95F323931CF /* SharedConfig.swift in Sources */ = {isa = PBXBuildFile; fileRef = 3A0075E4CFD286E9FE8E7D55 /* SharedConfig.swift */; };
		6DC7C8D5DF8BCE1F550DB1DD /* StartRecordingControl.swift in Sources */ = {isa = PBXBuildFile; fileRef = 149D488601AE102967EB70A4 /* StartRecordingControl.swift */; };
		6DD94C7D823555C9ED2E333E /* RecordingLaunchRequestTests.swift in Sources */ = {isa = PBXBuildFile; fileRef = 7C64AF06641EFF4C8B85B775 /* RecordingLaunchRequestTests.swift */; };
		7395CD3B076723358C708BE0 /* WristMemo Watch App.app in Embed Watch Content */ = {isa = PBXBuildFile; fileRef = ABB217AE039EB9EFED5B9F29 /* WristMemo Watch App.app */; settings = {ATTRIBUTES = (RemoveHeadersOnCopy, ); }; };
		7BA51C30497F16490F54FD06 /* RecordingFlowUITests.swift in Sources */ = {isa = PBXBuildFile; fileRef = 60F2668A8F6DE033012342AC /* RecordingFlowUITests.swift */; };
		7EFABCEA5A668807D9932649 /* FormattingTests.swift in Sources */ = {isa = PBXBuildFile; fileRef = 47E9ECE16B2525FB03953904 /* FormattingTests.swift */; };
		8BC04F80A58FF7F2AABD5DD0 /* RecordingEngine.swift in Sources */ = {isa = PBXBuildFile; fileRef = 9636ABE0F73C0A620F2F5F18 /* RecordingEngine.swift */; };
		90AC0C21AE4BB7CC36E16120 /* ControlsBundle.swift in Sources */ = {isa = PBXBuildFile; fileRef = C7F424B12DE56E9CAD6F4DE5 /* ControlsBundle.swift */; };
		958BE9E4373164A3CCA0BEEE /* RecorderModel.swift in Sources */ = {isa = PBXBuildFile; fileRef = 7591B32180C3ACA7897C76F6 /* RecorderModel.swift */; };
		A901B2C3D4E5F60718293A4B /* CaptureStartFailure.swift in Sources */ = {isa = PBXBuildFile; fileRef = A902B2C3D4E5F60718293A4B /* CaptureStartFailure.swift */; };
		A903B2C3D4E5F60718293A4B /* CaptureStartFailure.swift in Sources */ = {isa = PBXBuildFile; fileRef = A902B2C3D4E5F60718293A4B /* CaptureStartFailure.swift */; };
		A904B2C3D4E5F60718293A4B /* CaptureStartFailureTests.swift in Sources */ = {isa = PBXBuildFile; fileRef = A905B2C3D4E5F60718293A4B /* CaptureStartFailureTests.swift */; };
		A06D7DAD745C123643EA2AF8 /* WristMemoApp.swift in Sources */ = {isa = PBXBuildFile; fileRef = 2485CEB2051BDEF12B42AF21 /* WristMemoApp.swift */; };
		B74223C09A650CBC5A93DADB /* AudioDuration.swift in Sources */ = {isa = PBXBuildFile; fileRef = C264870A06619121DFC7D192 /* AudioDuration.swift */; };
		B7C41D9E025A63F814E7A390 /* TranscriptionClient.swift in Sources */ = {isa = PBXBuildFile; fileRef = 4E9A7C10B3D5628F9017CA42 /* TranscriptionClient.swift */; };
		C0DEC0DE0000000000000101 /* GoogleAuthentication.swift in Sources */ = {isa = PBXBuildFile; fileRef = C0DEC0DE0000000000000102 /* GoogleAuthentication.swift */; };
		C0DEC0DE0000000000000104 /* GoogleSignIn in Frameworks */ = {isa = PBXBuildFile; productRef = C0DEC0DE0000000000000105 /* GoogleSignIn */; };
		C0DEC0DE0000000000000106 /* GoogleSignInSwift in Frameworks */ = {isa = PBXBuildFile; productRef = C0DEC0DE0000000000000107 /* GoogleSignInSwift */; };
		C0DEC0DE0000000000000201 /* AudioUploadConsent.swift in Sources */ = {isa = PBXBuildFile; fileRef = C0DEC0DE0000000000000204 /* AudioUploadConsent.swift */; };
		C0DEC0DE0000000000000202 /* AudioUploadConsent.swift in Sources */ = {isa = PBXBuildFile; fileRef = C0DEC0DE0000000000000204 /* AudioUploadConsent.swift */; };
		C0DEC0DE0000000000000203 /* AudioUploadConsentTests.swift in Sources */ = {isa = PBXBuildFile; fileRef = C0DEC0DE0000000000000205 /* AudioUploadConsentTests.swift */; };
		C599E4D892EA74E5FAB80AB5 /* LibraryView.swift in Sources */ = {isa = PBXBuildFile; fileRef = 7FF4F345E89E8DB8E583DC96 /* LibraryView.swift */; };
		C83A9F6228B077FEF7FABA83 /* AudioCompressor.swift in Sources */ = {isa = PBXBuildFile; fileRef = 7567CDB7BBFB1C0F2E916475 /* AudioCompressor.swift */; };
		D0694CC41CABB3130B7B85BA /* SharedConfig.swift in Sources */ = {isa = PBXBuildFile; fileRef = 3A0075E4CFD286E9FE8E7D55 /* SharedConfig.swift */; };
		D0B4201C2391811C86476E29 /* RootView.swift in Sources */ = {isa = PBXBuildFile; fileRef = 32803F96509DBEDEB9BE8B7B /* RootView.swift */; };
		D65FD2428E7A2E6BE21C9056 /* Foundation.framework in Frameworks */ = {isa = PBXBuildFile; fileRef = 66CFE3375C0A0B14BB5DED5B /* Foundation.framework */; };
		D6977DAF5EE77F389F1CFFF9 /* Assets.xcassets in Resources */ = {isa = PBXBuildFile; fileRef = 3C356518F3C752185B32433B /* Assets.xcassets */; };
		DA760E8063D8F46C1EE1984D /* RecordingLaunchRequest.swift in Sources */ = {isa = PBXBuildFile; fileRef = ED80ABA31146DD29FA932AD8 /* RecordingLaunchRequest.swift */; };
		DA7BAF948960537B54CA6AC2 /* Formatting.swift in Sources */ = {isa = PBXBuildFile; fileRef = F11AEF845835EE62EA196738 /* Formatting.swift */; };
		DE51A314E6BE0A3721677BCD /* SharedConfig.swift in Sources */ = {isa = PBXBuildFile; fileRef = 3A0075E4CFD286E9FE8E7D55 /* SharedConfig.swift */; };
		E150BA263B42FD92EBA622D7 /* WristMemoShortcuts.swift in Sources */ = {isa = PBXBuildFile; fileRef = 2F65A747EC963F2F4CD5E5E9 /* WristMemoShortcuts.swift */; };
		E376404D7AB6D5938682C429 /* AudioDuration.swift in Sources */ = {isa = PBXBuildFile; fileRef = C264870A06619121DFC7D192 /* AudioDuration.swift */; };
		F5AA306BB4BDC8B76812D9D1 /* StartRecordingIntent.swift in Sources */ = {isa = PBXBuildFile; fileRef = 689CF9FA680CBDFB7F9D75AC /* StartRecordingIntent.swift */; };
		F6A55909190FAD8C9B981694 /* MemoStoreTests.swift in Sources */ = {isa = PBXBuildFile; fileRef = 0E289DD08F6F35EA0F25E1EC /* MemoStoreTests.swift */; };
/* End PBXBuildFile section */

/* Begin PBXContainerItemProxy section */
		5ED87418B795E0BEAF19BDB2 /* PBXContainerItemProxy */ = {
			isa = PBXContainerItemProxy;
			containerPortal = 98F54143AB4E86B28C3AFEE0 /* Project object */;
			proxyType = 1;
			remoteGlobalIDString = 3D8CF93CAE723F63B3140B09;
			remoteInfo = ctrl;
		};
		A3172307015A26654CC029A4 /* PBXContainerItemProxy */ = {
			isa = PBXContainerItemProxy;
			containerPortal = 98F54143AB4E86B28C3AFEE0 /* Project object */;
			proxyType = 1;
			remoteGlobalIDString = 1A474AE34889CC14CF6F3AA7;
			remoteInfo = "WristMemo Watch App";
		};
		FB3FFD61B7D6B9712B621E64 /* PBXContainerItemProxy */ = {
			isa = PBXContainerItemProxy;
			containerPortal = 98F54143AB4E86B28C3AFEE0 /* Project object */;
			proxyType = 1;
			remoteGlobalIDString = 1A474AE34889CC14CF6F3AA7;
			remoteInfo = watch;
		};
/* End PBXContainerItemProxy section */

/* Begin PBXCopyFilesBuildPhase section */
		B6B5712DC83D7352EE7D5D21 /* Embed Watch Content */ = {
			isa = PBXCopyFilesBuildPhase;
			buildActionMask = 2147483647;
			dstPath = "$(CONTENTS_FOLDER_PATH)/Watch";
			dstSubfolderSpec = 16;
			files = (
				7395CD3B076723358C708BE0 /* WristMemo Watch App.app in Embed Watch Content */,
			);
			name = "Embed Watch Content";
			runOnlyForDeploymentPostprocessing = 0;
		};
		ED2475941EA31E7175C3FE7D /* Embed Foundation Extensions */ = {
			isa = PBXCopyFilesBuildPhase;
			buildActionMask = 2147483647;
			dstPath = "";
			dstSubfolderSpec = 13;
			files = (
				51E14069787F965942359172 /* WristMemoControls.appex in Embed Foundation Extensions */,
			);
			name = "Embed Foundation Extensions";
			runOnlyForDeploymentPostprocessing = 0;
		};
/* End PBXCopyFilesBuildPhase section */

/* Begin PBXFileReference section */
		087FC6EE93EAFFBD66585871 /* Assets.xcassets */ = {isa = PBXFileReference; lastKnownFileType = folder.assetcatalog; path = Assets.xcassets; sourceTree = "<group>"; };
		0E289DD08F6F35EA0F25E1EC /* MemoStoreTests.swift */ = {isa = PBXFileReference; includeInIndex = 1; lastKnownFileType = sourcecode.swift; path = MemoStoreTests.swift; sourceTree = "<group>"; };
		149D488601AE102967EB70A4 /* StartRecordingControl.swift */ = {isa = PBXFileReference; lastKnownFileType = sourcecode.swift; path = StartRecordingControl.swift; sourceTree = "<group>"; };
		1BCBCD114C6832D0E1F213A1 /* LATENCY.md */ = {isa = PBXFileReference; lastKnownFileType = net.daringfireball.markdown; path = operations/LATENCY.md; sourceTree = "<group>"; };
		21C71F4B374B671FF62278CB /* WatchApp-Info.plist */ = {isa = PBXFileReference; lastKnownFileType = text.plist.xml; path = "WatchApp-Info.plist"; sourceTree = "<group>"; };
		C0DEC0DE0000000000000001 /* Signing.xcconfig */ = {isa = PBXFileReference; lastKnownFileType = text.xcconfig; path = Signing.xcconfig; sourceTree = "<group>"; };
		C0DEC0DE0000000000000002 /* Signing.local.xcconfig.example */ = {isa = PBXFileReference; lastKnownFileType = text.xcconfig; path = Signing.local.xcconfig.example; sourceTree = "<group>"; };
		C0DEC0DE0000000000000102 /* GoogleAuthentication.swift */ = {isa = PBXFileReference; lastKnownFileType = sourcecode.swift; path = GoogleAuthentication.swift; sourceTree = "<group>"; };
		C0DEC0DE0000000000000204 /* AudioUploadConsent.swift */ = {isa = PBXFileReference; lastKnownFileType = sourcecode.swift; path = AudioUploadConsent.swift; sourceTree = "<group>"; };
		C0DEC0DE0000000000000205 /* AudioUploadConsentTests.swift */ = {isa = PBXFileReference; lastKnownFileType = sourcecode.swift; path = AudioUploadConsentTests.swift; sourceTree = "<group>"; };
		2485CEB2051BDEF12B42AF21 /* WristMemoApp.swift */ = {isa = PBXFileReference; lastKnownFileType = sourcecode.swift; path = WristMemoApp.swift; sourceTree = "<group>"; };
		2A993087E3E52FF396FE5E3A /* iOSApp-Info.plist */ = {isa = PBXFileReference; lastKnownFileType = text.plist.xml; path = "iOSApp-Info.plist"; sourceTree = "<group>"; };
		2F65A747EC963F2F4CD5E5E9 /* WristMemoShortcuts.swift */ = {isa = PBXFileReference; lastKnownFileType = sourcecode.swift; path = WristMemoShortcuts.swift; sourceTree = "<group>"; };
		32803F96509DBEDEB9BE8B7B /* RootView.swift */ = {isa = PBXFileReference; lastKnownFileType = sourcecode.swift; path = RootView.swift; sourceTree = "<group>"; };
		3A0075E4CFD286E9FE8E7D55 /* SharedConfig.swift */ = {isa = PBXFileReference; lastKnownFileType = sourcecode.swift; path = SharedConfig.swift; sourceTree = "<group>"; };
		3C356518F3C752185B32433B /* Assets.xcassets */ = {isa = PBXFileReference; lastKnownFileType = folder.assetcatalog; path = Assets.xcassets; sourceTree = "<group>"; };
		47E9ECE16B2525FB03953904 /* FormattingTests.swift */ = {isa = PBXFileReference; includeInIndex = 1; lastKnownFileType = sourcecode.swift; path = FormattingTests.swift; sourceTree = "<group>"; };
		4E9A7C10B3D5628F9017CA42 /* TranscriptionClient.swift */ = {isa = PBXFileReference; lastKnownFileType = sourcecode.swift; path = TranscriptionClient.swift; sourceTree = "<group>"; };
		5040D7F4DAC8100693F8784A /* WatchControls-Info.plist */ = {isa = PBXFileReference; lastKnownFileType = text.plist.xml; path = "WatchControls-Info.plist"; sourceTree = "<group>"; };
		57157261AC48F9302A3B476E /* WristMemo.app */ = {isa = PBXFileReference; explicitFileType = wrapper.application; includeInIndex = 0; path = WristMemo.app; sourceTree = BUILT_PRODUCTS_DIR; };
		5922A1CF3DABB21C939E686C /* WristMemoTests.xctest */ = {isa = PBXFileReference; explicitFileType = wrapper.cfbundle; includeInIndex = 0; path = WristMemoTests.xctest; sourceTree = BUILT_PRODUCTS_DIR; };
		5CE93DA78512CAEA42DBEE5B /* WristMemoWatchApp.swift */ = {isa = PBXFileReference; lastKnownFileType = sourcecode.swift; path = WristMemoWatchApp.swift; sourceTree = "<group>"; };
		60F2668A8F6DE033012342AC /* RecordingFlowUITests.swift */ = {isa = PBXFileReference; includeInIndex = 1; lastKnownFileType = sourcecode.swift; path = RecordingFlowUITests.swift; sourceTree = "<group>"; };
		6249C2783F0DC1188AF10FD6 /* WristMemoControls.appex */ = {isa = PBXFileReference; explicitFileType = "wrapper.app-extension"; includeInIndex = 0; path = WristMemoControls.appex; sourceTree = BUILT_PRODUCTS_DIR; };
		6611803E2A2D98328D042CA9 /* RecordComplication.swift */ = {isa = PBXFileReference; lastKnownFileType = sourcecode.swift; path = RecordComplication.swift; sourceTree = "<group>"; };
		66CFE3375C0A0B14BB5DED5B /* Foundation.framework */ = {isa = PBXFileReference; lastKnownFileType = wrapper.framework; name = Foundation.framework; path = Platforms/WatchOS.platform/Developer/SDKs/WatchOS26.0.sdk/System/Library/Frameworks/Foundation.framework; sourceTree = DEVELOPER_DIR; };
		689CF9FA680CBDFB7F9D75AC /* StartRecordingIntent.swift */ = {isa = PBXFileReference; lastKnownFileType = sourcecode.swift; path = StartRecordingIntent.swift; sourceTree = "<group>"; };
		6B2531C1BED13C6557ADAE32 /* DEVICE_TESTING.md */ = {isa = PBXFileReference; lastKnownFileType = net.daringfireball.markdown; path = operations/DEVICE_TESTING.md; sourceTree = "<group>"; };
		6D693E0FFF8AA9931D983AE7 /* DESIGN.md */ = {isa = PBXFileReference; lastKnownFileType = net.daringfireball.markdown; path = product/DESIGN.md; sourceTree = "<group>"; };
		6FE33FF418EC40F4790A1578 /* PhoneLibrary.swift */ = {isa = PBXFileReference; lastKnownFileType = sourcecode.swift; path = PhoneLibrary.swift; sourceTree = "<group>"; };
		7567CDB7BBFB1C0F2E916475 /* AudioCompressor.swift */ = {isa = PBXFileReference; lastKnownFileType = sourcecode.swift; path = AudioCompressor.swift; sourceTree = "<group>"; };
		7591B32180C3ACA7897C76F6 /* RecorderModel.swift */ = {isa = PBXFileReference; lastKnownFileType = sourcecode.swift; path = RecorderModel.swift; sourceTree = "<group>"; };
		A902B2C3D4E5F60718293A4B /* CaptureStartFailure.swift */ = {isa = PBXFileReference; lastKnownFileType = sourcecode.swift; path = CaptureStartFailure.swift; sourceTree = "<group>"; };
		A905B2C3D4E5F60718293A4B /* CaptureStartFailureTests.swift */ = {isa = PBXFileReference; includeInIndex = 1; lastKnownFileType = sourcecode.swift; path = CaptureStartFailureTests.swift; sourceTree = "<group>"; };
		796A3395BAC882FAE5DD6938 /* WatchSyncClient.swift */ = {isa = PBXFileReference; lastKnownFileType = sourcecode.swift; path = WatchSyncClient.swift; sourceTree = "<group>"; };
		7C64AF06641EFF4C8B85B775 /* RecordingLaunchRequestTests.swift */ = {isa = PBXFileReference; includeInIndex = 1; lastKnownFileType = sourcecode.swift; path = RecordingLaunchRequestTests.swift; sourceTree = "<group>"; };
		7FF4F345E89E8DB8E583DC96 /* LibraryView.swift */ = {isa = PBXFileReference; lastKnownFileType = sourcecode.swift; path = LibraryView.swift; sourceTree = "<group>"; };
		905084BEEFE55F50CE33F036 /* LIMITATIONS.md */ = {isa = PBXFileReference; lastKnownFileType = net.daringfireball.markdown; path = operations/LIMITATIONS.md; sourceTree = "<group>"; };
		9636ABE0F73C0A620F2F5F18 /* RecordingEngine.swift */ = {isa = PBXFileReference; lastKnownFileType = sourcecode.swift; path = RecordingEngine.swift; sourceTree = "<group>"; };
		98476918AFD99F213671DBBA /* Latency.swift */ = {isa = PBXFileReference; lastKnownFileType = sourcecode.swift; path = Latency.swift; sourceTree = "<group>"; };
		9B7E5BAF41C022ED29C69870 /* MemoStore.swift */ = {isa = PBXFileReference; lastKnownFileType = sourcecode.swift; path = MemoStore.swift; sourceTree = "<group>"; };
		A6D4D2B86FC1E24980761A25 /* Memo.swift */ = {isa = PBXFileReference; lastKnownFileType = sourcecode.swift; path = Memo.swift; sourceTree = "<group>"; };
		ABB217AE039EB9EFED5B9F29 /* WristMemo Watch App.app */ = {isa = PBXFileReference; explicitFileType = wrapper.application; includeInIndex = 0; path = "WristMemo Watch App.app"; sourceTree = BUILT_PRODUCTS_DIR; };
		B66BCDC810D3FCEA23D284EF /* README.md */ = {isa = PBXFileReference; lastKnownFileType = net.daringfireball.markdown; path = ../../README.md; sourceTree = SOURCE_ROOT; };
		B83077545BDC6589B95E6BB6 /* BackgroundWarmth.swift */ = {isa = PBXFileReference; lastKnownFileType = sourcecode.swift; path = BackgroundWarmth.swift; sourceTree = "<group>"; };
		B8EC232486FFB26BD854C77F /* WristMemoUITests.xctest */ = {isa = PBXFileReference; explicitFileType = wrapper.cfbundle; includeInIndex = 0; path = WristMemoUITests.xctest; sourceTree = BUILT_PRODUCTS_DIR; };
		BC8FD2BAB5E79615B2504C37 /* AccessibilityID.swift */ = {isa = PBXFileReference; includeInIndex = 1; lastKnownFileType = sourcecode.swift; path = AccessibilityID.swift; sourceTree = "<group>"; };
		C09AB83111313DD5AD3F8B26 /* Haptics.swift */ = {isa = PBXFileReference; lastKnownFileType = sourcecode.swift; path = Haptics.swift; sourceTree = "<group>"; };
		A1B2C3D4E5F60718293A4B5C /* SilenceMonitor.swift */ = {isa = PBXFileReference; lastKnownFileType = sourcecode.swift; path = SilenceMonitor.swift; sourceTree = "<group>"; };
		A1B2C3D4E5F60718293A4B5D /* SilenceMonitorTests.swift */ = {isa = PBXFileReference; lastKnownFileType = sourcecode.swift; path = SilenceMonitorTests.swift; sourceTree = "<group>"; };
		A1B2C3D4E5F60718293A4B65 /* MemoDelivery.swift */ = {isa = PBXFileReference; lastKnownFileType = sourcecode.swift; path = MemoDelivery.swift; sourceTree = "<group>"; };
		A1B2C3D4E5F60718293A4B66 /* MemoDeliveryTests.swift */ = {isa = PBXFileReference; lastKnownFileType = sourcecode.swift; path = MemoDeliveryTests.swift; sourceTree = "<group>"; };
		A1B2C3D40000000000000002 /* RetentionTests.swift */ = {isa = PBXFileReference; lastKnownFileType = sourcecode.swift; path = RetentionTests.swift; sourceTree = "<group>"; };
		A1B2C3D40000000000000021 /* RecordScreen.swift */ = {isa = PBXFileReference; lastKnownFileType = sourcecode.swift; path = RecordScreen.swift; sourceTree = "<group>"; };
		C264870A06619121DFC7D192 /* AudioDuration.swift */ = {isa = PBXFileReference; lastKnownFileType = sourcecode.swift; path = AudioDuration.swift; sourceTree = "<group>"; };
		A1B2C3D4E5F60718293A4B61 /* Retention.swift */ = {isa = PBXFileReference; lastKnownFileType = sourcecode.swift; path = Retention.swift; sourceTree = "<group>"; };
		C7F424B12DE56E9CAD6F4DE5 /* ControlsBundle.swift */ = {isa = PBXFileReference; lastKnownFileType = sourcecode.swift; path = ControlsBundle.swift; sourceTree = "<group>"; };
		E7284322A2995B33A933815B /* CaptureFormat.swift */ = {isa = PBXFileReference; includeInIndex = 1; lastKnownFileType = sourcecode.swift; path = CaptureFormat.swift; sourceTree = "<group>"; };
		ED80ABA31146DD29FA932AD8 /* RecordingLaunchRequest.swift */ = {isa = PBXFileReference; lastKnownFileType = sourcecode.swift; path = RecordingLaunchRequest.swift; sourceTree = "<group>"; };
		F11AEF845835EE62EA196738 /* Formatting.swift */ = {isa = PBXFileReference; lastKnownFileType = sourcecode.swift; path = Formatting.swift; sourceTree = "<group>"; };
/* End PBXFileReference section */

/* Begin PBXFrameworksBuildPhase section */
		3378BD2B3264210455168942 /* Frameworks */ = {
			isa = PBXFrameworksBuildPhase;
			buildActionMask = 2147483647;
			files = (
				D65FD2428E7A2E6BE21C9056 /* Foundation.framework in Frameworks */,
			);
			runOnlyForDeploymentPostprocessing = 0;
		};
		A4FB71277C7E6D6E3B753578 /* Frameworks */ = {
			isa = PBXFrameworksBuildPhase;
			buildActionMask = 2147483647;
			files = (
				C0DEC0DE0000000000000104 /* GoogleSignIn in Frameworks */,
				C0DEC0DE0000000000000106 /* GoogleSignInSwift in Frameworks */,
			);
			runOnlyForDeploymentPostprocessing = 0;
		};
		C8877CB665460984FC33B559 /* Frameworks */ = {
			isa = PBXFrameworksBuildPhase;
			buildActionMask = 2147483647;
			files = (
				24A071429847B00EB1C15C24 /* Foundation.framework in Frameworks */,
			);
			runOnlyForDeploymentPostprocessing = 0;
		};
		C8EF3F76D2D964208BB74EEC /* Frameworks */ = {
			isa = PBXFrameworksBuildPhase;
			buildActionMask = 2147483647;
			files = (
			);
			runOnlyForDeploymentPostprocessing = 0;
		};
		E9B6599930E107E2EF2A4881 /* Frameworks */ = {
			isa = PBXFrameworksBuildPhase;
			buildActionMask = 2147483647;
			files = (
			);
			runOnlyForDeploymentPostprocessing = 0;
		};
/* End PBXFrameworksBuildPhase section */

/* Begin PBXGroup section */
		0D50372E4F6C8D98E997F5E2 /* Unit */ = {
			isa = PBXGroup;
			children = (
				C0DEC0DE0000000000000205 /* AudioUploadConsentTests.swift */,
				A905B2C3D4E5F60718293A4B /* CaptureStartFailureTests.swift */,
				47E9ECE16B2525FB03953904 /* FormattingTests.swift */,
				0E289DD08F6F35EA0F25E1EC /* MemoStoreTests.swift */,
				A1B2C3D4E5F60718293A4B66 /* MemoDeliveryTests.swift */,
				7C64AF06641EFF4C8B85B775 /* RecordingLaunchRequestTests.swift */,
				A1B2C3D40000000000000002 /* RetentionTests.swift */,
				A1B2C3D4E5F60718293A4B5D /* SilenceMonitorTests.swift */,
			);
			name = Unit;
			path = Tests/Unit;
			sourceTree = SOURCE_ROOT;
		};
		44C7E229889FE9D1BB841A79 /* Shared */ = {
			isa = PBXGroup;
			children = (
				A1B2C3D40000000000000101 /* Capture */,
				A1B2C3D40000000000000102 /* Media */,
				A1B2C3D40000000000000103 /* Policy */,
				A1B2C3D40000000000000104 /* Support */,
				A1B2C3D40000000000000105 /* Transfer */,
			);
			path = Shared;
			sourceTree = "<group>";
		};
		A1B2C3D40000000000000101 /* Capture */ = {
			isa = PBXGroup;
			children = (
				ED80ABA31146DD29FA932AD8 /* RecordingLaunchRequest.swift */,
				689CF9FA680CBDFB7F9D75AC /* StartRecordingIntent.swift */,
			);
			path = Capture;
			sourceTree = "<group>";
		};
		A1B2C3D40000000000000102 /* Media */ = {
			isa = PBXGroup;
			children = (
				C264870A06619121DFC7D192 /* AudioDuration.swift */,
				7567CDB7BBFB1C0F2E916475 /* AudioCompressor.swift */,
			);
			path = Media;
			sourceTree = "<group>";
		};
		A1B2C3D40000000000000103 /* Policy */ = {
			isa = PBXGroup;
			children = (
				C0DEC0DE0000000000000204 /* AudioUploadConsent.swift */,
				A1B2C3D4E5F60718293A4B61 /* Retention.swift */,
			);
			path = Policy;
			sourceTree = "<group>";
		};
		A1B2C3D40000000000000104 /* Support */ = {
			isa = PBXGroup;
			children = (
				BC8FD2BAB5E79615B2504C37 /* AccessibilityID.swift */,
				F11AEF845835EE62EA196738 /* Formatting.swift */,
				3A0075E4CFD286E9FE8E7D55 /* SharedConfig.swift */,
			);
			path = Support;
			sourceTree = "<group>";
		};
		A1B2C3D40000000000000105 /* Transfer */ = {
			isa = PBXGroup;
			children = (
				A1B2C3D4E5F60718293A4B65 /* MemoDelivery.swift */,
			);
			path = Transfer;
			sourceTree = "<group>";
		};
		501D718CC480DE11CFE9BF4D /* WatchApp */ = {
			isa = PBXGroup;
			children = (
				A1B2C3D40000000000000111 /* App */,
				A1B2C3D40000000000000112 /* Capture */,
				A1B2C3D40000000000000113 /* Completion */,
				A1B2C3D40000000000000114 /* Diagnostics */,
				A1B2C3D40000000000000115 /* Resources */,
				A1B2C3D40000000000000116 /* Storage */,
				A1B2C3D40000000000000117 /* Transfer */,
				58492F208780FA5EF3807E8F /* UI */,
			);
			path = WatchApp;
			sourceTree = "<group>";
		};
		A1B2C3D40000000000000111 /* App */ = {
			isa = PBXGroup;
			children = (
				B83077545BDC6589B95E6BB6 /* BackgroundWarmth.swift */,
				2F65A747EC963F2F4CD5E5E9 /* WristMemoShortcuts.swift */,
				5CE93DA78512CAEA42DBEE5B /* WristMemoWatchApp.swift */,
			);
			path = App;
			sourceTree = "<group>";
		};
		A1B2C3D40000000000000112 /* Capture */ = {
			isa = PBXGroup;
			children = (
				E7284322A2995B33A933815B /* CaptureFormat.swift */,
				A902B2C3D4E5F60718293A4B /* CaptureStartFailure.swift */,
				7591B32180C3ACA7897C76F6 /* RecorderModel.swift */,
				9636ABE0F73C0A620F2F5F18 /* RecordingEngine.swift */,
			);
			path = Capture;
			sourceTree = "<group>";
		};
		A1B2C3D40000000000000113 /* Completion */ = {
			isa = PBXGroup;
			children = (
				C09AB83111313DD5AD3F8B26 /* Haptics.swift */,
				A1B2C3D4E5F60718293A4B5C /* SilenceMonitor.swift */,
			);
			path = Completion;
			sourceTree = "<group>";
		};
		A1B2C3D40000000000000114 /* Diagnostics */ = {
			isa = PBXGroup;
			children = (
				98476918AFD99F213671DBBA /* Latency.swift */,
			);
			path = Diagnostics;
			sourceTree = "<group>";
		};
		A1B2C3D40000000000000115 /* Resources */ = {
			isa = PBXGroup;
			children = (
				087FC6EE93EAFFBD66585871 /* Assets.xcassets */,
			);
			path = Resources;
			sourceTree = "<group>";
		};
		A1B2C3D40000000000000116 /* Storage */ = {
			isa = PBXGroup;
			children = (
				A6D4D2B86FC1E24980761A25 /* Memo.swift */,
				9B7E5BAF41C022ED29C69870 /* MemoStore.swift */,
			);
			path = Storage;
			sourceTree = "<group>";
		};
		A1B2C3D40000000000000117 /* Transfer */ = {
			isa = PBXGroup;
			children = (
				796A3395BAC882FAE5DD6938 /* WatchSyncClient.swift */,
			);
			path = Transfer;
			sourceTree = "<group>";
		};
		5151B46607EBC8890D8DFCC2 /* Products */ = {
			isa = PBXGroup;
			children = (
				57157261AC48F9302A3B476E /* WristMemo.app */,
				ABB217AE039EB9EFED5B9F29 /* WristMemo Watch App.app */,
				6249C2783F0DC1188AF10FD6 /* WristMemoControls.appex */,
				B8EC232486FFB26BD854C77F /* WristMemoUITests.xctest */,
				5922A1CF3DABB21C939E686C /* WristMemoTests.xctest */,
			);
			name = Products;
			sourceTree = "<group>";
		};
		5619E268CFFE28118C19FC6A /* Config */ = {
			isa = PBXGroup;
			children = (
				C0DEC0DE0000000000000001 /* Signing.xcconfig */,
				C0DEC0DE0000000000000002 /* Signing.local.xcconfig.example */,
				21C71F4B374B671FF62278CB /* WatchApp-Info.plist */,
				5040D7F4DAC8100693F8784A /* WatchControls-Info.plist */,
				2A993087E3E52FF396FE5E3A /* iOSApp-Info.plist */,
			);
			path = Config;
			sourceTree = "<group>";
		};
		58492F208780FA5EF3807E8F /* UI */ = {
			isa = PBXGroup;
			children = (
				A1B2C3D40000000000000021 /* RecordScreen.swift */,
				32803F96509DBEDEB9BE8B7B /* RootView.swift */,
			);
			name = UI;
			path = UI;
			sourceTree = "<group>";
		};
		602967768F348E1DE355314E /* watchOS */ = {
			isa = PBXGroup;
			children = (
				66CFE3375C0A0B14BB5DED5B /* Foundation.framework */,
			);
			name = watchOS;
			sourceTree = "<group>";
		};
		86E76DCFD8B38CD6265704AD /* Docs */ = {
			isa = PBXGroup;
			children = (
				B66BCDC810D3FCEA23D284EF /* README.md */,
				6D693E0FFF8AA9931D983AE7 /* DESIGN.md */,
				905084BEEFE55F50CE33F036 /* LIMITATIONS.md */,
				1BCBCD114C6832D0E1F213A1 /* LATENCY.md */,
				6B2531C1BED13C6557ADAE32 /* DEVICE_TESTING.md */,
			);
			name = Docs;
			path = ../../docs;
			sourceTree = SOURCE_ROOT;
		};
		ADCF10F76EBF2A74473E9DC4 = {
			isa = PBXGroup;
			children = (
				44C7E229889FE9D1BB841A79 /* Shared */,
				501D718CC480DE11CFE9BF4D /* WatchApp */,
				F30900275289A90CC0A1923B /* WatchControls */,
				E97825BA3F981BB990A2D271 /* iOSApp */,
				5619E268CFFE28118C19FC6A /* Config */,
				86E76DCFD8B38CD6265704AD /* Docs */,
				5151B46607EBC8890D8DFCC2 /* Products */,
				B45F67D74D8E7781B071DCF7 /* Frameworks */,
				D0A89358BB084760FC511A1A /* UI Tests */,
				0D50372E4F6C8D98E997F5E2 /* Unit */,
			);
			sourceTree = "<group>";
		};
		B45F67D74D8E7781B071DCF7 /* Frameworks */ = {
			isa = PBXGroup;
			children = (
				602967768F348E1DE355314E /* watchOS */,
			);
			name = Frameworks;
			sourceTree = "<group>";
		};
		D0A89358BB084760FC511A1A /* UI Tests */ = {
			isa = PBXGroup;
			children = (
				60F2668A8F6DE033012342AC /* RecordingFlowUITests.swift */,
			);
			name = "UI Tests";
			path = Tests/UI;
			sourceTree = SOURCE_ROOT;
		};
		E97825BA3F981BB990A2D271 /* iOSApp */ = {
			isa = PBXGroup;
			children = (
				C0DEC0DE0000000000000103 /* Auth */,
				A1B2C3D40000000000000121 /* App */,
				A1B2C3D40000000000000122 /* Ingest */,
				A1B2C3D40000000000000123 /* Library */,
				A1B2C3D40000000000000124 /* Resources */,
			);
			path = iOSApp;
			sourceTree = "<group>";
		};
		C0DEC0DE0000000000000103 /* Auth */ = {
			isa = PBXGroup;
			children = (
				C0DEC0DE0000000000000102 /* GoogleAuthentication.swift */,
			);
			path = Auth;
			sourceTree = "<group>";
		};
		A1B2C3D40000000000000121 /* App */ = {
			isa = PBXGroup;
			children = (
				2485CEB2051BDEF12B42AF21 /* WristMemoApp.swift */,
			);
			path = App;
			sourceTree = "<group>";
		};
		A1B2C3D40000000000000122 /* Ingest */ = {
			isa = PBXGroup;
			children = (
				4E9A7C10B3D5628F9017CA42 /* TranscriptionClient.swift */,
			);
			path = Ingest;
			sourceTree = "<group>";
		};
		A1B2C3D40000000000000123 /* Library */ = {
			isa = PBXGroup;
			children = (
				7FF4F345E89E8DB8E583DC96 /* LibraryView.swift */,
				6FE33FF418EC40F4790A1578 /* PhoneLibrary.swift */,
			);
			path = Library;
			sourceTree = "<group>";
		};
		A1B2C3D40000000000000124 /* Resources */ = {
			isa = PBXGroup;
			children = (
				3C356518F3C752185B32433B /* Assets.xcassets */,
			);
			path = Resources;
			sourceTree = "<group>";
		};
		F30900275289A90CC0A1923B /* WatchControls */ = {
			isa = PBXGroup;
			children = (
				A1B2C3D40000000000000131 /* Widgets */,
			);
			path = WatchControls;
			sourceTree = "<group>";
		};
		A1B2C3D40000000000000131 /* Widgets */ = {
			isa = PBXGroup;
			children = (
				C7F424B12DE56E9CAD6F4DE5 /* ControlsBundle.swift */,
				149D488601AE102967EB70A4 /* StartRecordingControl.swift */,
				6611803E2A2D98328D042CA9 /* RecordComplication.swift */,
			);
			path = Widgets;
			sourceTree = "<group>";
		};
/* End PBXGroup section */

/* Begin PBXNativeTarget section */
		1A474AE34889CC14CF6F3AA7 /* WristMemo Watch App */ = {
			isa = PBXNativeTarget;
			buildConfigurationList = 2F0D5BD118B3A74DC445A16E /* Build configuration list for PBXNativeTarget "WristMemo Watch App" */;
			buildPhases = (
				547502D44C5FD9FF9946E0B9 /* Sources */,
				C8EF3F76D2D964208BB74EEC /* Frameworks */,
				9D51BF5B3739405F356181F4 /* Resources */,
				ED2475941EA31E7175C3FE7D /* Embed Foundation Extensions */,
			);
			buildRules = (
			);
			dependencies = (
				0AE1C1A1693D1843A7E43843 /* PBXTargetDependency */,
			);
			name = "WristMemo Watch App";
			productName = "WristMemo Watch App";
			productReference = ABB217AE039EB9EFED5B9F29 /* WristMemo Watch App.app */;
			productType = "com.apple.product-type.application";
		};
		3D8CF93CAE723F63B3140B09 /* WristMemoControls */ = {
			isa = PBXNativeTarget;
			buildConfigurationList = 021BB79EFE1FD1AD9046DD33 /* Build configuration list for PBXNativeTarget "WristMemoControls" */;
			buildPhases = (
				AADB5F4D9368BE60BBC9EFBB /* Sources */,
				E9B6599930E107E2EF2A4881 /* Frameworks */,
				9ACEC137E7BA44C12A355DBB /* Resources */,
			);
			buildRules = (
			);
			dependencies = (
			);
			name = WristMemoControls;
			productName = WristMemoControls;
			productReference = 6249C2783F0DC1188AF10FD6 /* WristMemoControls.appex */;
			productType = "com.apple.product-type.app-extension";
		};
		8953F0169E520916FD62C649 /* WristMemoTests */ = {
			isa = PBXNativeTarget;
			buildConfigurationList = 707BD94FDA8B940FC044BE0B /* Build configuration list for PBXNativeTarget "WristMemoTests" */;
			buildPhases = (
				F205445604C51C0C1096D55B /* Sources */,
				3378BD2B3264210455168942 /* Frameworks */,
				23FA33BE41EBE9384D14C38D /* Resources */,
			);
			buildRules = (
			);
			dependencies = (
			);
			name = WristMemoTests;
			productName = WristMemoTests;
			productReference = 5922A1CF3DABB21C939E686C /* WristMemoTests.xctest */;
			productType = "com.apple.product-type.bundle.unit-test";
		};
		DAC66DDE62B7AF323A0B53C2 /* WristMemo */ = {
			isa = PBXNativeTarget;
			buildConfigurationList = 1DF7C7E18FE198C3488C4BD9 /* Build configuration list for PBXNativeTarget "WristMemo" */;
			buildPhases = (
				6D4FEF11786AA9D46AC9F9B6 /* Sources */,
				A4FB71277C7E6D6E3B753578 /* Frameworks */,
				37EA9A4F4CCEEEDEE65ACFC3 /* Resources */,
				B6B5712DC83D7352EE7D5D21 /* Embed Watch Content */,
			);
			buildRules = (
			);
			dependencies = (
				4D6FC66A63FC28E93730BC03 /* PBXTargetDependency */,
			);
			name = WristMemo;
			packageProductDependencies = (
				C0DEC0DE0000000000000105 /* GoogleSignIn */,
				C0DEC0DE0000000000000107 /* GoogleSignInSwift */,
			);
			productName = WristMemo;
			productReference = 57157261AC48F9302A3B476E /* WristMemo.app */;
			productType = "com.apple.product-type.application";
		};
		F17DAC9B3A981CDD91113D35 /* WristMemoUITests */ = {
			isa = PBXNativeTarget;
			buildConfigurationList = 59AFAD79B454837AD464F63F /* Build configuration list for PBXNativeTarget "WristMemoUITests" */;
			buildPhases = (
				8A65C98E46393B14B4A9EFBE /* Sources */,
				C8877CB665460984FC33B559 /* Frameworks */,
				26BD2D4BBB3C036C74C0F704 /* Resources */,
			);
			buildRules = (
			);
			dependencies = (
				39BD62EB05E39B855CB59D1F /* PBXTargetDependency */,
			);
			name = WristMemoUITests;
			productName = WristMemoUITests;
			productReference = B8EC232486FFB26BD854C77F /* WristMemoUITests.xctest */;
			productType = "com.apple.product-type.bundle.ui-testing";
		};
/* End PBXNativeTarget section */

/* Begin PBXProject section */
		98F54143AB4E86B28C3AFEE0 /* Project object */ = {
			isa = PBXProject;
			attributes = {
				BuildIndependentTargetsInParallel = 1;
				LastSwiftUpdateCheck = 2660;
				LastUpgradeCheck = 2660;
				TargetAttributes = {
					1A474AE34889CC14CF6F3AA7 = {
						CreatedOnToolsVersion = 26.6;
					};
					3D8CF93CAE723F63B3140B09 = {
						CreatedOnToolsVersion = 26.6;
					};
					DAC66DDE62B7AF323A0B53C2 = {
						CreatedOnToolsVersion = 26.6;
					};
				};
			};
			buildConfigurationList = 3D29D9F3A882C4202964FB56 /* Build configuration list for PBXProject "WristMemo" */;
			compatibilityVersion = "Xcode 15.0";
			developmentRegion = en;
			hasScannedForEncodings = 0;
			knownRegions = (
				en,
				Base,
			);
			mainGroup = ADCF10F76EBF2A74473E9DC4;
			productRefGroup = 5151B46607EBC8890D8DFCC2 /* Products */;
			packageReferences = (
				C0DEC0DE0000000000000108 /* XCRemoteSwiftPackageReference "GoogleSignIn-iOS" */,
			);
			projectDirPath = "";
			projectRoot = "";
			targets = (
				DAC66DDE62B7AF323A0B53C2 /* WristMemo */,
				1A474AE34889CC14CF6F3AA7 /* WristMemo Watch App */,
				3D8CF93CAE723F63B3140B09 /* WristMemoControls */,
				F17DAC9B3A981CDD91113D35 /* WristMemoUITests */,
				8953F0169E520916FD62C649 /* WristMemoTests */,
			);
		};
/* End PBXProject section */

/* Begin PBXResourcesBuildPhase section */
		23FA33BE41EBE9384D14C38D /* Resources */ = {
			isa = PBXResourcesBuildPhase;
			buildActionMask = 2147483647;
			files = (
			);
			runOnlyForDeploymentPostprocessing = 0;
		};
		26BD2D4BBB3C036C74C0F704 /* Resources */ = {
			isa = PBXResourcesBuildPhase;
			buildActionMask = 2147483647;
			files = (
			);
			runOnlyForDeploymentPostprocessing = 0;
		};
		37EA9A4F4CCEEEDEE65ACFC3 /* Resources */ = {
			isa = PBXResourcesBuildPhase;
			buildActionMask = 2147483647;
			files = (
				D6977DAF5EE77F389F1CFFF9 /* Assets.xcassets in Resources */,
			);
			runOnlyForDeploymentPostprocessing = 0;
		};
		9ACEC137E7BA44C12A355DBB /* Resources */ = {
			isa = PBXResourcesBuildPhase;
			buildActionMask = 2147483647;
			files = (
			);
			runOnlyForDeploymentPostprocessing = 0;
		};
		9D51BF5B3739405F356181F4 /* Resources */ = {
			isa = PBXResourcesBuildPhase;
			buildActionMask = 2147483647;
			files = (
				59D2E924883C3F75135DAFBA /* Assets.xcassets in Resources */,
			);
			runOnlyForDeploymentPostprocessing = 0;
		};
/* End PBXResourcesBuildPhase section */

/* Begin PBXSourcesBuildPhase section */
		547502D44C5FD9FF9946E0B9 /* Sources */ = {
			isa = PBXSourcesBuildPhase;
			buildActionMask = 2147483647;
			files = (
				A1B2C3D40000000000000022 /* RecordScreen.swift in Sources */,
				556406146F9926C1B4496A04 /* WristMemoWatchApp.swift in Sources */,
				958BE9E4373164A3CCA0BEEE /* RecorderModel.swift in Sources */,
				A901B2C3D4E5F60718293A4B /* CaptureStartFailure.swift in Sources */,
				8BC04F80A58FF7F2AABD5DD0 /* RecordingEngine.swift in Sources */,
				C83A9F6228B077FEF7FABA83 /* AudioCompressor.swift in Sources */,
				36161C361AA213B25BC1BA9D /* Memo.swift in Sources */,
				051844B06F859FBFE85BC34D /* MemoStore.swift in Sources */,
				A1B2C3D4E5F60718293A4B62 /* Retention.swift in Sources */,
				60649AE238BFC7F2C4EB9E7C /* WatchSyncClient.swift in Sources */,
				0A21CF637F7528669B436C47 /* Haptics.swift in Sources */,
				A1B2C3D4E5F60718293A4B5E /* SilenceMonitor.swift in Sources */,
				22EE4CCBB83A57337C524A5B /* Latency.swift in Sources */,
				1FB3CBFFE3BF695E6ED7D77A /* BackgroundWarmth.swift in Sources */,
				E150BA263B42FD92EBA622D7 /* WristMemoShortcuts.swift in Sources */,
				D0B4201C2391811C86476E29 /* RootView.swift in Sources */,
				DE51A314E6BE0A3721677BCD /* SharedConfig.swift in Sources */,
				4D4237B97C00B6636F2184C8 /* RecordingLaunchRequest.swift in Sources */,
				08F4DB2347CB4D295A0C04A8 /* StartRecordingIntent.swift in Sources */,
				508E7FDF4FA31611C54CBB58 /* Formatting.swift in Sources */,
				E376404D7AB6D5938682C429 /* AudioDuration.swift in Sources */,
				15FF8C1989D0AE5EBAC8362B /* CaptureFormat.swift in Sources */,
				A1B2C3D4E5F60718293A4B68 /* MemoDelivery.swift in Sources */,
				2BC5045172270780DF649C33 /* AccessibilityID.swift in Sources */,
			);
			runOnlyForDeploymentPostprocessing = 0;
		};
		6D4FEF11786AA9D46AC9F9B6 /* Sources */ = {
			isa = PBXSourcesBuildPhase;
			buildActionMask = 2147483647;
			files = (
				A1B2C3D40000000000000012 /* Retention.swift in Sources */,
				C0DEC0DE0000000000000201 /* AudioUploadConsent.swift in Sources */,
				A06D7DAD745C123643EA2AF8 /* WristMemoApp.swift in Sources */,
				C0DEC0DE0000000000000101 /* GoogleAuthentication.swift in Sources */,
				3D2079B042B68CAAF76E7776 /* PhoneLibrary.swift in Sources */,
				C599E4D892EA74E5FAB80AB5 /* LibraryView.swift in Sources */,
				B7C41D9E025A63F814E7A390 /* TranscriptionClient.swift in Sources */,
				D0694CC41CABB3130B7B85BA /* SharedConfig.swift in Sources */,
				00A403245E70C13BE6B24EB8 /* Formatting.swift in Sources */,
				2E8E95D0F1B313CEDEC8A8C3 /* AudioDuration.swift in Sources */,
				A1B2C3D4E5F60718293A4B67 /* MemoDelivery.swift in Sources */,
				A1B2C3D4E5F60718293A4B6B /* AudioCompressor.swift in Sources */,
			);
			runOnlyForDeploymentPostprocessing = 0;
		};
		8A65C98E46393B14B4A9EFBE /* Sources */ = {
			isa = PBXSourcesBuildPhase;
			buildActionMask = 2147483647;
			files = (
				2465E3BD347FAD446690AFFD /* AccessibilityID.swift in Sources */,
				7BA51C30497F16490F54FD06 /* RecordingFlowUITests.swift in Sources */,
			);
			runOnlyForDeploymentPostprocessing = 0;
		};
		AADB5F4D9368BE60BBC9EFBB /* Sources */ = {
			isa = PBXSourcesBuildPhase;
			buildActionMask = 2147483647;
			files = (
				90AC0C21AE4BB7CC36E16120 /* ControlsBundle.swift in Sources */,
				6DC7C8D5DF8BCE1F550DB1DD /* StartRecordingControl.swift in Sources */,
				6AE6462E492BF876F118B903 /* RecordComplication.swift in Sources */,
				6C2B0A927FEFE95F323931CF /* SharedConfig.swift in Sources */,
				DA760E8063D8F46C1EE1984D /* RecordingLaunchRequest.swift in Sources */,
				F5AA306BB4BDC8B76812D9D1 /* StartRecordingIntent.swift in Sources */,
				1B6BFBE1179736B42CC023D0 /* Formatting.swift in Sources */,
				60C115C11C175C1B155B8C61 /* AudioDuration.swift in Sources */,
			);
			runOnlyForDeploymentPostprocessing = 0;
		};
		F205445604C51C0C1096D55B /* Sources */ = {
			isa = PBXSourcesBuildPhase;
			buildActionMask = 2147483647;
			files = (
				C0DEC0DE0000000000000203 /* AudioUploadConsentTests.swift in Sources */,
				C0DEC0DE0000000000000202 /* AudioUploadConsent.swift in Sources */,
				A1B2C3D40000000000000014 /* RetentionTests.swift in Sources */,
				7EFABCEA5A668807D9932649 /* FormattingTests.swift in Sources */,
				F6A55909190FAD8C9B981694 /* MemoStoreTests.swift in Sources */,
				6DD94C7D823555C9ED2E333E /* RecordingLaunchRequestTests.swift in Sources */,
				A904B2C3D4E5F60718293A4B /* CaptureStartFailureTests.swift in Sources */,
				A903B2C3D4E5F60718293A4B /* CaptureStartFailure.swift in Sources */,
				DA7BAF948960537B54CA6AC2 /* Formatting.swift in Sources */,
				042C0798FFC0EEB4780ECCB3 /* RecordingLaunchRequest.swift in Sources */,
				36B79DDC5B955E2945A45856 /* SharedConfig.swift in Sources */,
				B74223C09A650CBC5A93DADB /* AudioDuration.swift in Sources */,
				291A51465A46FF2BFCB82E33 /* Memo.swift in Sources */,
				29FF3A84B7A049CF767A7484 /* MemoStore.swift in Sources */,
				A1B2C3D4E5F60718293A4B63 /* Retention.swift in Sources */,
				A1B2C3D4E5F60718293A4B69 /* MemoDelivery.swift in Sources */,
				0519FDA3B6CA5A15F48CF39F /* AudioCompressor.swift in Sources */,
				2C83BDB9CF2873A3E4C255D0 /* CaptureFormat.swift in Sources */,
				A1B2C3D4E5F60718293A4B5F /* SilenceMonitor.swift in Sources */,
				A1B2C3D4E5F60718293A4B60 /* SilenceMonitorTests.swift in Sources */,
				A1B2C3D4E5F60718293A4B6A /* MemoDeliveryTests.swift in Sources */,
			);
			runOnlyForDeploymentPostprocessing = 0;
		};
/* End PBXSourcesBuildPhase section */

/* Begin XCRemoteSwiftPackageReference section */
		C0DEC0DE0000000000000108 /* XCRemoteSwiftPackageReference "GoogleSignIn-iOS" */ = {
			isa = XCRemoteSwiftPackageReference;
			repositoryURL = "https://github.com/google/GoogleSignIn-iOS";
			requirement = {
				kind = upToNextMajorVersion;
				minimumVersion = 9.0.0;
			};
		};
/* End XCRemoteSwiftPackageReference section */

/* Begin XCSwiftPackageProductDependency section */
		C0DEC0DE0000000000000105 /* GoogleSignIn */ = {
			isa = XCSwiftPackageProductDependency;
			package = C0DEC0DE0000000000000108 /* XCRemoteSwiftPackageReference "GoogleSignIn-iOS" */;
			productName = GoogleSignIn;
		};
		C0DEC0DE0000000000000107 /* GoogleSignInSwift */ = {
			isa = XCSwiftPackageProductDependency;
			package = C0DEC0DE0000000000000108 /* XCRemoteSwiftPackageReference "GoogleSignIn-iOS" */;
			productName = GoogleSignInSwift;
		};
/* End XCSwiftPackageProductDependency section */

/* Begin PBXTargetDependency section */
		0AE1C1A1693D1843A7E43843 /* PBXTargetDependency */ = {
			isa = PBXTargetDependency;
			target = 3D8CF93CAE723F63B3140B09 /* WristMemoControls */;
			targetProxy = 5ED87418B795E0BEAF19BDB2 /* PBXContainerItemProxy */;
		};
		39BD62EB05E39B855CB59D1F /* PBXTargetDependency */ = {
			isa = PBXTargetDependency;
			name = "WristMemo Watch App";
			target = 1A474AE34889CC14CF6F3AA7 /* WristMemo Watch App */;
			targetProxy = A3172307015A26654CC029A4 /* PBXContainerItemProxy */;
		};
		4D6FC66A63FC28E93730BC03 /* PBXTargetDependency */ = {
			isa = PBXTargetDependency;
			target = 1A474AE34889CC14CF6F3AA7 /* WristMemo Watch App */;
			targetProxy = FB3FFD61B7D6B9712B621E64 /* PBXContainerItemProxy */;
		};
/* End PBXTargetDependency section */

/* Begin XCBuildConfiguration section */
		0933353F293E49174D4480E0 /* Debug */ = {
			isa = XCBuildConfiguration;
			buildSettings = {
				ALWAYS_SEARCH_USER_PATHS = NO;
				CODE_SIGN_STYLE = Automatic;
				GENERATE_INFOPLIST_FILE = YES;
				PRODUCT_BUNDLE_IDENTIFIER = "$(WRISTMEMO_TESTS_BUNDLE_ID)";
				PRODUCT_NAME = "$(TARGET_NAME)";
				SDKROOT = watchos;
				SWIFT_VERSION = 5.0;
				TARGETED_DEVICE_FAMILY = 4;
				WATCHOS_DEPLOYMENT_TARGET = 26.0;
			};
			name = Debug;
		};
		0CBB841ABEDA9C81F42A036D /* Release */ = {
			isa = XCBuildConfiguration;
			buildSettings = {
				ALWAYS_SEARCH_USER_PATHS = NO;
				CODE_SIGN_STYLE = Automatic;
				GENERATE_INFOPLIST_FILE = YES;
				PRODUCT_BUNDLE_IDENTIFIER = "$(WRISTMEMO_TESTS_BUNDLE_ID)";
				PRODUCT_NAME = "$(TARGET_NAME)";
				SDKROOT = watchos;
				SWIFT_VERSION = 5.0;
				TARGETED_DEVICE_FAMILY = 4;
				VALIDATE_PRODUCT = YES;
				WATCHOS_DEPLOYMENT_TARGET = 26.0;
			};
			name = Release;
		};
		0EDFD2F4AC1DDDA70F4CF0EC /* Release */ = {
			isa = XCBuildConfiguration;
			buildSettings = {
				ASSETCATALOG_COMPILER_APPICON_NAME = AppIcon;
				ASSETCATALOG_COMPILER_GLOBAL_ACCENT_COLOR_NAME = AccentColor;
				CODE_SIGN_STYLE = Automatic;
				CURRENT_PROJECT_VERSION = 6;
				GENERATE_INFOPLIST_FILE = YES;
				INFOPLIST_FILE = "Config/WatchApp-Info.plist";
				INFOPLIST_KEY_CFBundleDisplayName = WristMemo;
				LD_RUNPATH_SEARCH_PATHS = (
					"$(inherited)",
					"@executable_path/Frameworks",
				);
				MARKETING_VERSION = 1.1;
				PRODUCT_BUNDLE_IDENTIFIER = "$(WRISTMEMO_WATCH_BUNDLE_ID)";
				PRODUCT_NAME = "$(TARGET_NAME)";
				SDKROOT = watchos;
				SKIP_INSTALL = YES;
				SWIFT_EMIT_LOC_STRINGS = YES;
				TARGETED_DEVICE_FAMILY = 4;
				WATCHOS_DEPLOYMENT_TARGET = 26.0;
			};
			name = Release;
		};
		0EE758F935113EF3470CF7DD /* Release */ = {
			isa = XCBuildConfiguration;
			buildSettings = {
				ASSETCATALOG_COMPILER_APPICON_NAME = AppIcon;
				ASSETCATALOG_COMPILER_GLOBAL_ACCENT_COLOR_NAME = AccentColor;
				CODE_SIGN_ENTITLEMENTS = Config/iOSApp.entitlements;
				CODE_SIGN_STYLE = Automatic;
				CURRENT_PROJECT_VERSION = 6;
				GENERATE_INFOPLIST_FILE = YES;
				INFOPLIST_FILE = "Config/iOSApp-Info.plist";
				INFOPLIST_KEY_CFBundleDisplayName = WristMemo;
				INFOPLIST_KEY_UILaunchScreen_Generation = YES;
				IPHONEOS_DEPLOYMENT_TARGET = 26.0;
				LD_RUNPATH_SEARCH_PATHS = (
					"$(inherited)",
					"@executable_path/Frameworks",
				);
				MARKETING_VERSION = 1.1;
				PRODUCT_BUNDLE_IDENTIFIER = "$(WRISTMEMO_APP_BUNDLE_ID)";
				PRODUCT_NAME = "$(TARGET_NAME)";
				SDKROOT = iphoneos;
				SWIFT_EMIT_LOC_STRINGS = YES;
				TARGETED_DEVICE_FAMILY = "1,2";
			};
			name = Release;
		};
		4E74312DBBD620AE1CB5D771 /* Release */ = {
			isa = XCBuildConfiguration;
			baseConfigurationReference = C0DEC0DE0000000000000001 /* Signing.xcconfig */;
			buildSettings = {
				ALWAYS_SEARCH_USER_PATHS = NO;
				ASSETCATALOG_COMPILER_GENERATE_ASSET_SYMBOL_FRAMEWORKS = SwiftUI;
				CLANG_ANALYZER_NONNULL = YES;
				CLANG_ENABLE_MODULES = YES;
				CLANG_ENABLE_OBJC_ARC = YES;
				CLANG_WARN_DOCUMENTATION_COMMENTS = YES;
				COPY_PHASE_STRIP = NO;
				DEBUG_INFORMATION_FORMAT = "dwarf-with-dsym";
				ENABLE_NS_ASSERTIONS = NO;
				ENABLE_STRICT_OBJC_MSGSEND = YES;
				ENABLE_USER_SCRIPT_SANDBOXING = YES;
				GCC_C_LANGUAGE_STANDARD = gnu17;
				GCC_NO_COMMON_BLOCKS = YES;
				LOCALIZATION_PREFERS_STRING_CATALOGS = YES;
				MTL_ENABLE_DEBUG_INFO = NO;
				SWIFT_COMPILATION_MODE = wholemodule;
				SWIFT_VERSION = 5.0;
				VALIDATE_PRODUCT = YES;
			};
			name = Release;
		};
		8051D0174EDD210A6D515543 /* Debug */ = {
			isa = XCBuildConfiguration;
			buildSettings = {
				ALWAYS_SEARCH_USER_PATHS = NO;
				CODE_SIGN_STYLE = Automatic;
				GENERATE_INFOPLIST_FILE = YES;
				INFOPLIST_KEY_CFBundleDisplayName = WristMemoUITests;
				PRODUCT_BUNDLE_IDENTIFIER = "$(WRISTMEMO_UI_TESTS_BUNDLE_ID)";
				PRODUCT_NAME = "$(TARGET_NAME)";
				SDKROOT = watchos;
				SWIFT_VERSION = 5.0;
				TARGETED_DEVICE_FAMILY = 4;
				TEST_TARGET_NAME = "WristMemo Watch App";
				WATCHOS_DEPLOYMENT_TARGET = 26.0;
			};
			name = Debug;
		};
		84D70A418E5279E7B032C3F8 /* Release */ = {
			isa = XCBuildConfiguration;
			buildSettings = {
				ALWAYS_SEARCH_USER_PATHS = NO;
				CODE_SIGN_STYLE = Automatic;
				GENERATE_INFOPLIST_FILE = YES;
				INFOPLIST_KEY_CFBundleDisplayName = WristMemoUITests;
				PRODUCT_BUNDLE_IDENTIFIER = "$(WRISTMEMO_UI_TESTS_BUNDLE_ID)";
				PRODUCT_NAME = "$(TARGET_NAME)";
				SDKROOT = watchos;
				SWIFT_VERSION = 5.0;
				TARGETED_DEVICE_FAMILY = 4;
				TEST_TARGET_NAME = "WristMemo Watch App";
				VALIDATE_PRODUCT = YES;
				WATCHOS_DEPLOYMENT_TARGET = 26.0;
			};
			name = Release;
		};
		855C0CC6CCC2C59A2DE86FB1 /* Debug */ = {
			isa = XCBuildConfiguration;
			buildSettings = {
				ASSETCATALOG_COMPILER_APPICON_NAME = AppIcon;
				ASSETCATALOG_COMPILER_GLOBAL_ACCENT_COLOR_NAME = AccentColor;
				CODE_SIGN_STYLE = Automatic;
				CURRENT_PROJECT_VERSION = 6;
				GENERATE_INFOPLIST_FILE = YES;
				INFOPLIST_FILE = "Config/WatchApp-Info.plist";
				INFOPLIST_KEY_CFBundleDisplayName = WristMemo;
				LD_RUNPATH_SEARCH_PATHS = (
					"$(inherited)",
					"@executable_path/Frameworks",
				);
				MARKETING_VERSION = 1.1;
				PRODUCT_BUNDLE_IDENTIFIER = "$(WRISTMEMO_WATCH_BUNDLE_ID)";
				PRODUCT_NAME = "$(TARGET_NAME)";
				SDKROOT = watchos;
				SKIP_INSTALL = YES;
				SWIFT_EMIT_LOC_STRINGS = YES;
				TARGETED_DEVICE_FAMILY = 4;
				WATCHOS_DEPLOYMENT_TARGET = 26.0;
			};
			name = Debug;
		};
		855D4B0C75ECD556474FD8F5 /* Debug */ = {
			isa = XCBuildConfiguration;
			baseConfigurationReference = C0DEC0DE0000000000000001 /* Signing.xcconfig */;
			buildSettings = {
				ALWAYS_SEARCH_USER_PATHS = NO;
				ASSETCATALOG_COMPILER_GENERATE_ASSET_SYMBOL_FRAMEWORKS = SwiftUI;
				CLANG_ANALYZER_NONNULL = YES;
				CLANG_ENABLE_MODULES = YES;
				CLANG_ENABLE_OBJC_ARC = YES;
				CLANG_WARN_DOCUMENTATION_COMMENTS = YES;
				COPY_PHASE_STRIP = NO;
				DEBUG_INFORMATION_FORMAT = dwarf;
				ENABLE_STRICT_OBJC_MSGSEND = YES;
				ENABLE_TESTABILITY = YES;
				ENABLE_USER_SCRIPT_SANDBOXING = YES;
				GCC_C_LANGUAGE_STANDARD = gnu17;
				GCC_NO_COMMON_BLOCKS = YES;
				GCC_OPTIMIZATION_LEVEL = 0;
				GCC_PREPROCESSOR_DEFINITIONS = (
					"DEBUG=1",
					"$(inherited)",
				);
				LOCALIZATION_PREFERS_STRING_CATALOGS = YES;
				MTL_ENABLE_DEBUG_INFO = INCLUDE_SOURCE;
				ONLY_ACTIVE_ARCH = YES;
				SWIFT_ACTIVE_COMPILATION_CONDITIONS = "DEBUG $(inherited)";
				SWIFT_OPTIMIZATION_LEVEL = "-Onone";
				SWIFT_VERSION = 5.0;
			};
			name = Debug;
		};
		9BF6B591DA35C1B21FEFB5DD /* Debug */ = {
			isa = XCBuildConfiguration;
			buildSettings = {
				CODE_SIGN_STYLE = Automatic;
				CURRENT_PROJECT_VERSION = 6;
				GENERATE_INFOPLIST_FILE = YES;
				INFOPLIST_FILE = "Config/WatchControls-Info.plist";
				INFOPLIST_KEY_CFBundleDisplayName = "WristMemo Controls";
				LD_RUNPATH_SEARCH_PATHS = (
					"$(inherited)",
					"@executable_path/Frameworks",
					"@executable_path/../../Frameworks",
				);
				MARKETING_VERSION = 1.1;
				PRODUCT_BUNDLE_IDENTIFIER = "$(WRISTMEMO_CONTROLS_BUNDLE_ID)";
				PRODUCT_NAME = "$(TARGET_NAME)";
				SDKROOT = watchos;
				SKIP_INSTALL = YES;
				SWIFT_EMIT_LOC_STRINGS = YES;
				TARGETED_DEVICE_FAMILY = 4;
				WATCHOS_DEPLOYMENT_TARGET = 26.0;
			};
			name = Debug;
		};
		A18BB468EC0CEDFDF9488DB1 /* Release */ = {
			isa = XCBuildConfiguration;
			buildSettings = {
				CODE_SIGN_STYLE = Automatic;
				CURRENT_PROJECT_VERSION = 6;
				GENERATE_INFOPLIST_FILE = YES;
				INFOPLIST_FILE = "Config/WatchControls-Info.plist";
				INFOPLIST_KEY_CFBundleDisplayName = "WristMemo Controls";
				LD_RUNPATH_SEARCH_PATHS = (
					"$(inherited)",
					"@executable_path/Frameworks",
					"@executable_path/../../Frameworks",
				);
				MARKETING_VERSION = 1.1;
				PRODUCT_BUNDLE_IDENTIFIER = "$(WRISTMEMO_CONTROLS_BUNDLE_ID)";
				PRODUCT_NAME = "$(TARGET_NAME)";
				SDKROOT = watchos;
				SKIP_INSTALL = YES;
				SWIFT_EMIT_LOC_STRINGS = YES;
				TARGETED_DEVICE_FAMILY = 4;
				WATCHOS_DEPLOYMENT_TARGET = 26.0;
			};
			name = Release;
		};
		EDC374D6F043FABAE691C8FF /* Debug */ = {
			isa = XCBuildConfiguration;
			buildSettings = {
				ASSETCATALOG_COMPILER_APPICON_NAME = AppIcon;
				ASSETCATALOG_COMPILER_GLOBAL_ACCENT_COLOR_NAME = AccentColor;
				CODE_SIGN_ENTITLEMENTS = Config/iOSApp.entitlements;
				CODE_SIGN_STYLE = Automatic;
				CURRENT_PROJECT_VERSION = 6;
				GENERATE_INFOPLIST_FILE = YES;
				INFOPLIST_FILE = "Config/iOSApp-Info.plist";
				INFOPLIST_KEY_CFBundleDisplayName = WristMemo;
				INFOPLIST_KEY_UILaunchScreen_Generation = YES;
				IPHONEOS_DEPLOYMENT_TARGET = 26.0;
				LD_RUNPATH_SEARCH_PATHS = (
					"$(inherited)",
					"@executable_path/Frameworks",
				);
				MARKETING_VERSION = 1.1;
				PRODUCT_BUNDLE_IDENTIFIER = "$(WRISTMEMO_APP_BUNDLE_ID)";
				PRODUCT_NAME = "$(TARGET_NAME)";
				SDKROOT = iphoneos;
				SWIFT_EMIT_LOC_STRINGS = YES;
				TARGETED_DEVICE_FAMILY = "1,2";
			};
			name = Debug;
		};
/* End XCBuildConfiguration section */

/* Begin XCConfigurationList section */
		021BB79EFE1FD1AD9046DD33 /* Build configuration list for PBXNativeTarget "WristMemoControls" */ = {
			isa = XCConfigurationList;
			buildConfigurations = (
				9BF6B591DA35C1B21FEFB5DD /* Debug */,
				A18BB468EC0CEDFDF9488DB1 /* Release */,
			);
			defaultConfigurationIsVisible = 0;
			defaultConfigurationName = Release;
		};
		1DF7C7E18FE198C3488C4BD9 /* Build configuration list for PBXNativeTarget "WristMemo" */ = {
			isa = XCConfigurationList;
			buildConfigurations = (
				EDC374D6F043FABAE691C8FF /* Debug */,
				0EE758F935113EF3470CF7DD /* Release */,
			);
			defaultConfigurationIsVisible = 0;
			defaultConfigurationName = Release;
		};
		2F0D5BD118B3A74DC445A16E /* Build configuration list for PBXNativeTarget "WristMemo Watch App" */ = {
			isa = XCConfigurationList;
			buildConfigurations = (
				855C0CC6CCC2C59A2DE86FB1 /* Debug */,
				0EDFD2F4AC1DDDA70F4CF0EC /* Release */,
			);
			defaultConfigurationIsVisible = 0;
			defaultConfigurationName = Release;
		};
		3D29D9F3A882C4202964FB56 /* Build configuration list for PBXProject "WristMemo" */ = {
			isa = XCConfigurationList;
			buildConfigurations = (
				855D4B0C75ECD556474FD8F5 /* Debug */,
				4E74312DBBD620AE1CB5D771 /* Release */,
			);
			defaultConfigurationIsVisible = 0;
			defaultConfigurationName = Release;
		};
		59AFAD79B454837AD464F63F /* Build configuration list for PBXNativeTarget "WristMemoUITests" */ = {
			isa = XCConfigurationList;
			buildConfigurations = (
				84D70A418E5279E7B032C3F8 /* Release */,
				8051D0174EDD210A6D515543 /* Debug */,
			);
			defaultConfigurationIsVisible = 0;
			defaultConfigurationName = Release;
		};
		707BD94FDA8B940FC044BE0B /* Build configuration list for PBXNativeTarget "WristMemoTests" */ = {
			isa = XCConfigurationList;
			buildConfigurations = (
				0CBB841ABEDA9C81F42A036D /* Release */,
				0933353F293E49174D4480E0 /* Debug */,
			);
			defaultConfigurationIsVisible = 0;
			defaultConfigurationName = Release;
		};
/* End XCConfigurationList section */
	};
	rootObject = 98F54143AB4E86B28C3AFEE0 /* Project object */;
}
